# This file is autogenerated, do not edit; changes may be undone by the next 'dep ensure'.


[[projects]]
  branch = "master"
  name = "github.com/shivylp/clipboard"
  packages = ["."]
  revision = "be3b6bdc0e1508e1df593521ad4c67baa9714ab7"

[solve-meta]
  analyzer-name = "dep"
  analyzer-version = 1
  inputs-digest = "adca0ad4a640a0a2105db750038d2def9640674e4f60f7912b3d95a73684f832"
  solver-name = "gps-cdcl"
  solver-version = 1
